
Microsoft Visual Studio Solution File, Format Version 12.00
# Visual Studio Version 17
VisualStudioVersion = 17.5.33414.496
MinimumVisualStudioVersion = 10.0.40219.1
Project("{FAE04EC0-301F-11D3-BF4B-00C04F79EFBC}") = "DAO", "..\DAO\DAO.csproj", "{63FF16B1-648C-4933-B518-9693B7AE789D}"
EndProject
Project("{FAE04EC0-301F-11D3-BF4B-00C04F79EFBC}") = "Funcoes", "..\Funcoes\Funcoes.csproj", "{0993C5B0-8704-4926-8CBC-1D8D02C464AF}"
EndProject
Project("{FAE04EC0-301F-11D3-BF4B-00C04F79EFBC}") = "Modelo", "..\Modelo\Modelo.csproj", "{DBE1AF49-2338-4B2E-8B87-0203B3BB74A5}"
EndProject
Project("{FAE04EC0-301F-11D3-BF4B-00C04F79EFBC}") = "BLL", "..\BLL\BLL.csproj", "{B6EB460C-2D17-43F3-9A4E-119B889371EB}"
EndProject
Project("{FAE04EC0-301F-11D3-BF4B-00C04F79EFBC}") = "OrcamentoFacilDesign", "..\OrcamentoFacilDesign\OrcamentoFacilDesign.csproj", "{6CF8A62C-F2A7-4552-B258-4B7B7FEAF8A5}"
EndProject
Global
	GlobalSection(SolutionConfigurationPlatforms) = preSolution
		Debug|Any CPU = Debug|Any CPU
		Release|Any CPU = Release|Any CPU
	EndGlobalSection
	GlobalSection(ProjectConfigurationPlatforms) = postSolution
		{63FF16B1-648C-4933-B518-9693B7AE789D}.Debug|Any CPU.ActiveCfg = Debug|Any CPU
		{63FF16B1-648C-4933-B518-9693B7AE789D}.Debug|Any CPU.Build.0 = Debug|Any CPU
		{63FF16B1-648C-4933-B518-9693B7AE789D}.Release|Any CPU.ActiveCfg = Release|Any CPU
		{63FF16B1-648C-4933-B518-9693B7AE789D}.Release|Any CPU.Build.0 = Release|Any CPU
		{0993C5B0-8704-4926-8CBC-1D8D02C464AF}.Debug|Any CPU.ActiveCfg = Debug|Any CPU
		{0993C5B0-8704-4926-8CBC-1D8D02C464AF}.Debug|Any CPU.Build.0 = Debug|Any CPU
		{0993C5B0-8704-4926-8CBC-1D8D02C464AF}.Release|Any CPU.ActiveCfg = Release|Any CPU
		{0993C5B0-8704-4926-8CBC-1D8D02C464AF}.Release|Any CPU.Build.0 = Release|Any CPU
		{DBE1AF49-2338-4B2E-8B87-0203B3BB74A5}.Debug|Any CPU.ActiveCfg = Debug|Any CPU
		{DBE1AF49-2338-4B2E-8B87-0203B3BB74A5}.Debug|Any CPU.Build.0 = Debug|Any CPU
		{DBE1AF49-2338-4B2E-8B87-0203B3BB74A5}.Release|Any CPU.ActiveCfg = Release|Any CPU
		{DBE1AF49-2338-4B2E-8B87-0203B3BB74A5}.Release|Any CPU.Build.0 = Release|Any CPU
		{B6EB460C-2D17-43F3-9A4E-119B889371EB}.Debug|Any CPU.ActiveCfg = Debug|Any CPU
		{B6EB460C-2D17-43F3-9A4E-119B889371EB}.Debug|Any CPU.Build.0 = Debug|Any CPU
		{B6EB460C-2D17-43F3-9A4E-119B889371EB}.Release|Any CPU.ActiveCfg = Release|Any CPU
		{B6EB460C-2D17-43F3-9A4E-119B889371EB}.Release|Any CPU.Build.0 = Release|Any CPU
		{6CF8A62C-F2A7-4552-B258-4B7B7FEAF8A5}.Debug|Any CPU.ActiveCfg = Debug|Any CPU
		{6CF8A62C-F2A7-4552-B258-4B7B7FEAF8A5}.Debug|Any CPU.Build.0 = Debug|Any CPU
		{6CF8A62C-F2A7-4552-B258-4B7B7FEAF8A5}.Release|Any CPU.ActiveCfg = Release|Any CPU
		{6CF8A62C-F2A7-4552-B258-4B7B7FEAF8A5}.Release|Any CPU.Build.0 = Release|Any CPU
	EndGlobalSection
	GlobalSection(SolutionProperties) = preSolution
		HideSolutionNode = FALSE
	EndGlobalSection
	GlobalSection(ExtensibilityGlobals) = postSolution
		SolutionGuid = {6812D710-8F2D-456D-9BAF-3C796203D43A}
	EndGlobalSection
EndGlobal
